
Microsoft Visual Studio Solution File, Format Version 12.00
# Visual Studio Version 16
VisualStudioVersion = 16.0.31424.327
MinimumVisualStudioVersion = 10.0.40219.1
Project("{FAE04EC0-301F-11D3-BF4B-00C04F79EFBC}") = "Employee of The Month", "Employee of The Month\Employee of The Month.csproj", "{21572408-3BEC-4B3B-AD7B-FC3B9E853413}"
EndProject
Global
	GlobalSection(SolutionConfigurationPlatforms) = preSolution
		Debug|Any CPU = Debug|Any CPU
		Release|Any CPU = Release|Any CPU
	EndGlobalSection
	GlobalSection(ProjectConfigurationPlatforms) = postSolution
		{21572408-3BEC-4B3B-AD7B-FC3B9E853413}.Debug|Any CPU.ActiveCfg = Debug|Any CPU
		{21572408-3BEC-4B3B-AD7B-FC3B9E853413}.Debug|Any CPU.Build.0 = Debug|Any CPU
		{21572408-3BEC-4B3B-AD7B-FC3B9E853413}.Release|Any CPU.ActiveCfg = Release|Any CPU
		{21572408-3BEC-4B3B-AD7B-FC3B9E853413}.Release|Any CPU.Build.0 = Release|Any CPU
	EndGlobalSection
	GlobalSection(SolutionProperties) = preSolution
		HideSolutionNode = FALSE
	EndGlobalSection
	GlobalSection(ExtensibilityGlobals) = postSolution
		SolutionGuid = {DE2EEA14-9FEA-4490-AE19-5BE0872773B4}
	EndGlobalSection
EndGlobal
